
Microsoft Visual Studio Solution File, Format Version 12.00
# Visual Studio Version 17
VisualStudioVersion = 17.4.33110.190
MinimumVisualStudioVersion = 10.0.40219.1
Project("{FAE04EC0-301F-11D3-BF4B-00C04F79EFBC}") = "TODO-Task", "TODO-Task\TODO-Task.csproj", "{823C751B-8108-41A0-AE48-70FEBADE09D6}"
EndProject
Global
	GlobalSection(SolutionConfigurationPlatforms) = preSolution
		Debug|Any CPU = Debug|Any CPU
		Release|Any CPU = Release|Any CPU
	EndGlobalSection
	GlobalSection(ProjectConfigurationPlatforms) = postSolution
		{823C751B-8108-41A0-AE48-70FEBADE09D6}.Debug|Any CPU.ActiveCfg = Debug|Any CPU
		{823C751B-8108-41A0-AE48-70FEBADE09D6}.Debug|Any CPU.Build.0 = Debug|Any CPU
		{823C751B-8108-41A0-AE48-70FEBADE09D6}.Release|Any CPU.ActiveCfg = Release|Any CPU
		{823C751B-8108-41A0-AE48-70FEBADE09D6}.Release|Any CPU.Build.0 = Release|Any CPU
	EndGlobalSection
	GlobalSection(SolutionProperties) = preSolution
		HideSolutionNode = FALSE
	EndGlobalSection
	GlobalSection(ExtensibilityGlobals) = postSolution
		SolutionGuid = {49947CD8-12C0-4F64-BAA3-6A87452ADF59}
	EndGlobalSection
EndGlobal
